
Microsoft Visual Studio Solution File, Format Version 12.00
# Visual Studio Version 16
VisualStudioVersion = 16.0.30225.117
MinimumVisualStudioVersion = 10.0.40219.1
Project("{FAE04EC0-301F-11D3-BF4B-00C04F79EFBC}") = "Medical", "Medical\Medical.csproj", "{10A7FB9D-99AE-4B90-95EB-6B31F44D8359}"
EndProject
Global
	GlobalSection(SolutionConfigurationPlatforms) = preSolution
		Debug|Any CPU = Debug|Any CPU
		Release|Any CPU = Release|Any CPU
	EndGlobalSection
	GlobalSection(ProjectConfigurationPlatforms) = postSolution
		{10A7FB9D-99AE-4B90-95EB-6B31F44D8359}.Debug|Any CPU.ActiveCfg = Debug|Any CPU
		{10A7FB9D-99AE-4B90-95EB-6B31F44D8359}.Debug|Any CPU.Build.0 = Debug|Any CPU
		{10A7FB9D-99AE-4B90-95EB-6B31F44D8359}.Release|Any CPU.ActiveCfg = Release|Any CPU
		{10A7FB9D-99AE-4B90-95EB-6B31F44D8359}.Release|Any CPU.Build.0 = Release|Any CPU
	EndGlobalSection
	GlobalSection(SolutionProperties) = preSolution
		HideSolutionNode = FALSE
	EndGlobalSection
	GlobalSection(ExtensibilityGlobals) = postSolution
		SolutionGuid = {19734F17-76F8-4F34-B1E5-1C2E15301A6B}
	EndGlobalSection
EndGlobal
